
Microsoft Visual Studio Solution File, Format Version 12.00
# Visual Studio Version 17
VisualStudioVersion = 17.4.33122.133
MinimumVisualStudioVersion = 10.0.40219.1
Project("{9A19103F-16F7-4668-BE54-9A1E7A4F7556}") = "Server", "abkrServer\abkrServer.csproj", "{7532DE6E-D64C-4124-8F01-A73740B8E799}"
EndProject
Project("{FAE04EC0-301F-11D3-BF4B-00C04F79EFBC}") = "Client", "abkrClient\abkrClient.csproj", "{3D89FBAD-3571-4F53-9DB1-C569BCFE0468}"
EndProject
Global
	GlobalSection(SolutionConfigurationPlatforms) = preSolution
		Debug|Any CPU = Debug|Any CPU
		Release|Any CPU = Release|Any CPU
	EndGlobalSection
	GlobalSection(ProjectConfigurationPlatforms) = postSolution
		{7532DE6E-D64C-4124-8F01-A73740B8E799}.Debug|Any CPU.ActiveCfg = Debug|Any CPU
		{7532DE6E-D64C-4124-8F01-A73740B8E799}.Debug|Any CPU.Build.0 = Debug|Any CPU
		{7532DE6E-D64C-4124-8F01-A73740B8E799}.Release|Any CPU.ActiveCfg = Release|Any CPU
		{7532DE6E-D64C-4124-8F01-A73740B8E799}.Release|Any CPU.Build.0 = Release|Any CPU
		{3D89FBAD-3571-4F53-9DB1-C569BCFE0468}.Debug|Any CPU.ActiveCfg = Debug|Any CPU
		{3D89FBAD-3571-4F53-9DB1-C569BCFE0468}.Debug|Any CPU.Build.0 = Debug|Any CPU
		{3D89FBAD-3571-4F53-9DB1-C569BCFE0468}.Release|Any CPU.ActiveCfg = Release|Any CPU
		{3D89FBAD-3571-4F53-9DB1-C569BCFE0468}.Release|Any CPU.Build.0 = Release|Any CPU
	EndGlobalSection
	GlobalSection(SolutionProperties) = preSolution
		HideSolutionNode = FALSE
	EndGlobalSection
	GlobalSection(ExtensibilityGlobals) = postSolution
		SolutionGuid = {490F3AAE-D779-4216-A7ED-09B3AAA22F1F}
	EndGlobalSection
EndGlobal
